
Microsoft Visual Studio Solution File, Format Version 12.00
# Visual Studio Version 17
VisualStudioVersion = 17.8.34408.163
MinimumVisualStudioVersion = 10.0.40219.1
Project("{FAE04EC0-301F-11D3-BF4B-00C04F79EFBC}") = "Vozcribe", "Vozcribe\Vozcribe.csproj", "{3645DB54-0C08-4D2D-9050-52C98341EFA5}"
EndProject
Project("{FAE04EC0-301F-11D3-BF4B-00C04F79EFBC}") = "Vozcribe.Tests", "Vozcribe.Tests\Vozcribe.Tests.csproj", "{BE088C7C-C349-4E03-8B91-07628723A65D}"
EndProject
Global
	GlobalSection(SolutionConfigurationPlatforms) = preSolution
		Debug|Any CPU = Debug|Any CPU
		Release|Any CPU = Release|Any CPU
	EndGlobalSection
	GlobalSection(ProjectConfigurationPlatforms) = postSolution
		{3645DB54-0C08-4D2D-9050-52C98341EFA5}.Debug|Any CPU.ActiveCfg = Debug|Any CPU
		{3645DB54-0C08-4D2D-9050-52C98341EFA5}.Debug|Any CPU.Build.0 = Debug|Any CPU
		{3645DB54-0C08-4D2D-9050-52C98341EFA5}.Release|Any CPU.ActiveCfg = Release|Any CPU
		{3645DB54-0C08-4D2D-9050-52C98341EFA5}.Release|Any CPU.Build.0 = Release|Any CPU
		{BE088C7C-C349-4E03-8B91-07628723A65D}.Debug|Any CPU.ActiveCfg = Debug|Any CPU
		{BE088C7C-C349-4E03-8B91-07628723A65D}.Debug|Any CPU.Build.0 = Debug|Any CPU
		{BE088C7C-C349-4E03-8B91-07628723A65D}.Release|Any CPU.ActiveCfg = Release|Any CPU
		{BE088C7C-C349-4E03-8B91-07628723A65D}.Release|Any CPU.Build.0 = Release|Any CPU
	EndGlobalSection
	GlobalSection(SolutionProperties) = preSolution
		HideSolutionNode = FALSE
	EndGlobalSection
	GlobalSection(ExtensibilityGlobals) = postSolution
		SolutionGuid = {9DCD0A9F-4C30-40A8-845A-8F5FB4773057}
	EndGlobalSection
EndGlobal
